
Microsoft Visual Studio Solution File, Format Version 12.00
# Visual Studio 15
VisualStudioVersion = 15.0.28307.421
MinimumVisualStudioVersion = 10.0.40219.1
Project("{FAE04EC0-301F-11D3-BF4B-00C04F79EFBC}") = "FirstAndroidGame", "FirstAndroidGame\FirstAndroidGame.csproj", "{BB3012D0-0A2B-4487-80FA-4B47EC3A540D}"
EndProject
Global
	GlobalSection(SolutionConfigurationPlatforms) = preSolution
		Debug|Any CPU = Debug|Any CPU
		Release|Any CPU = Release|Any CPU
	EndGlobalSection
	GlobalSection(ProjectConfigurationPlatforms) = postSolution
		{BB3012D0-0A2B-4487-80FA-4B47EC3A540D}.Debug|Any CPU.ActiveCfg = Debug|Any CPU
		{BB3012D0-0A2B-4487-80FA-4B47EC3A540D}.Debug|Any CPU.Build.0 = Debug|Any CPU
		{BB3012D0-0A2B-4487-80FA-4B47EC3A540D}.Debug|Any CPU.Deploy.0 = Debug|Any CPU
		{BB3012D0-0A2B-4487-80FA-4B47EC3A540D}.Release|Any CPU.ActiveCfg = Release|Any CPU
		{BB3012D0-0A2B-4487-80FA-4B47EC3A540D}.Release|Any CPU.Build.0 = Release|Any CPU
		{BB3012D0-0A2B-4487-80FA-4B47EC3A540D}.Release|Any CPU.Deploy.0 = Release|Any CPU
	EndGlobalSection
	GlobalSection(SolutionProperties) = preSolution
		HideSolutionNode = FALSE
	EndGlobalSection
	GlobalSection(ExtensibilityGlobals) = postSolution
		SolutionGuid = {B7ACBE21-8FDE-4732-B58D-48B011DE4F5C}
	EndGlobalSection
EndGlobal
