
Microsoft Visual Studio Solution File, Format Version 12.00
# Visual Studio 14
VisualStudioVersion = 14.0.24720.0
MinimumVisualStudioVersion = 10.0.40219.1
Project("{FAE04EC0-301F-11D3-BF4B-00C04F79EFBC}") = "Panorama", "Panorama\Panorama\Panorama.csproj", "{4BF1073F-E069-4528-B564-9F5CEA8D1DC5}"
EndProject
Project("{96E2B04D-8817-42C6-938A-82C39BA4D311}") = "PanoramaContent", "Panorama\PanoramaContent\PanoramaContent.contentproj", "{7AED4571-8604-4C6C-B4BC-4972A2F4D0FB}"
EndProject
Global
	GlobalSection(SolutionConfigurationPlatforms) = preSolution
		Debug|x86 = Debug|x86
		Release|x86 = Release|x86
	EndGlobalSection
	GlobalSection(ProjectConfigurationPlatforms) = postSolution
		{4BF1073F-E069-4528-B564-9F5CEA8D1DC5}.Debug|x86.ActiveCfg = Debug|x86
		{4BF1073F-E069-4528-B564-9F5CEA8D1DC5}.Debug|x86.Build.0 = Debug|x86
		{4BF1073F-E069-4528-B564-9F5CEA8D1DC5}.Release|x86.ActiveCfg = Release|x86
		{4BF1073F-E069-4528-B564-9F5CEA8D1DC5}.Release|x86.Build.0 = Release|x86
		{7AED4571-8604-4C6C-B4BC-4972A2F4D0FB}.Debug|x86.ActiveCfg = Debug|x86
		{7AED4571-8604-4C6C-B4BC-4972A2F4D0FB}.Release|x86.ActiveCfg = Release|x86
	EndGlobalSection
	GlobalSection(SolutionProperties) = preSolution
		HideSolutionNode = FALSE
	EndGlobalSection
EndGlobal
